
Microsoft Visual Studio Solution File, Format Version 12.00
# Visual Studio Version 16
VisualStudioVersion = 16.0.31729.503
MinimumVisualStudioVersion = 10.0.40219.1
Project("{FAE04EC0-301F-11D3-BF4B-00C04F79EFBC}") = "SampleGui", "SampleGui\SampleGui.csproj", "{B2095EA7-8B53-4A08-A73E-8A1E63DC5C54}"
EndProject
Global
	GlobalSection(SolutionConfigurationPlatforms) = preSolution
		Debug|Any CPU = Debug|Any CPU
		Release|Any CPU = Release|Any CPU
	EndGlobalSection
	GlobalSection(ProjectConfigurationPlatforms) = postSolution
		{B2095EA7-8B53-4A08-A73E-8A1E63DC5C54}.Debug|Any CPU.ActiveCfg = Debug|Any CPU
		{B2095EA7-8B53-4A08-A73E-8A1E63DC5C54}.Debug|Any CPU.Build.0 = Debug|Any CPU
		{B2095EA7-8B53-4A08-A73E-8A1E63DC5C54}.Release|Any CPU.ActiveCfg = Release|Any CPU
		{B2095EA7-8B53-4A08-A73E-8A1E63DC5C54}.Release|Any CPU.Build.0 = Release|Any CPU
	EndGlobalSection
	GlobalSection(SolutionProperties) = preSolution
		HideSolutionNode = FALSE
	EndGlobalSection
	GlobalSection(ExtensibilityGlobals) = postSolution
		SolutionGuid = {0E9008C0-D7D6-4107-8DE0-E9177F36AE8D}
	EndGlobalSection
EndGlobal
